
Microsoft Visual Studio Solution File, Format Version 12.00
# Visual Studio Version 17
VisualStudioVersion = 17.13.35919.96 d17.13
MinimumVisualStudioVersion = 10.0.40219.1
Project("{FAE04EC0-301F-11D3-BF4B-00C04F79EFBC}") = "PLC Simulator", "PLC Simulator\PLC Simulator.csproj", "{C9387840-DDB0-462D-A1BF-99392A2E826C}"
EndProject
Global
	GlobalSection(SolutionConfigurationPlatforms) = preSolution
		Debug|Any CPU = Debug|Any CPU
		Release|Any CPU = Release|Any CPU
	EndGlobalSection
	GlobalSection(ProjectConfigurationPlatforms) = postSolution
		{C9387840-DDB0-462D-A1BF-99392A2E826C}.Debug|Any CPU.ActiveCfg = Debug|Any CPU
		{C9387840-DDB0-462D-A1BF-99392A2E826C}.Debug|Any CPU.Build.0 = Debug|Any CPU
		{C9387840-DDB0-462D-A1BF-99392A2E826C}.Release|Any CPU.ActiveCfg = Release|Any CPU
		{C9387840-DDB0-462D-A1BF-99392A2E826C}.Release|Any CPU.Build.0 = Release|Any CPU
	EndGlobalSection
	GlobalSection(SolutionProperties) = preSolution
		HideSolutionNode = FALSE
	EndGlobalSection
	GlobalSection(ExtensibilityGlobals) = postSolution
		SolutionGuid = {8971C698-0554-490E-B442-41F803958B46}
	EndGlobalSection
EndGlobal
